
Microsoft Visual Studio Solution File, Format Version 12.00
# Visual Studio Version 17
VisualStudioVersion = 17.14.36127.28 d17.14
MinimumVisualStudioVersion = 10.0.40219.1
Project("{FAE04EC0-301F-11D3-BF4B-00C04F79EFBC}") = "BulkyWeb", "BulkyWeb\BulkyWeb.csproj", "{4220CB97-F4C3-4656-9DA7-7D9AC86A6A8D}"
EndProject
Global
	GlobalSection(SolutionConfigurationPlatforms) = preSolution
		Debug|Any CPU = Debug|Any CPU
		Release|Any CPU = Release|Any CPU
	EndGlobalSection
	GlobalSection(ProjectConfigurationPlatforms) = postSolution
		{4220CB97-F4C3-4656-9DA7-7D9AC86A6A8D}.Debug|Any CPU.ActiveCfg = Debug|Any CPU
		{4220CB97-F4C3-4656-9DA7-7D9AC86A6A8D}.Debug|Any CPU.Build.0 = Debug|Any CPU
		{4220CB97-F4C3-4656-9DA7-7D9AC86A6A8D}.Release|Any CPU.ActiveCfg = Release|Any CPU
		{4220CB97-F4C3-4656-9DA7-7D9AC86A6A8D}.Release|Any CPU.Build.0 = Release|Any CPU
	EndGlobalSection
	GlobalSection(SolutionProperties) = preSolution
		HideSolutionNode = FALSE
	EndGlobalSection
	GlobalSection(ExtensibilityGlobals) = postSolution
		SolutionGuid = {7CF0EFA8-12D5-4779-B97D-5FCB50AB4944}
	EndGlobalSection
EndGlobal
